
Microsoft Visual Studio Solution File, Format Version 12.00
# Visual Studio Version 16
VisualStudioVersion = 16.0.31129.286
MinimumVisualStudioVersion = 10.0.40219.1
Project("{FAE04EC0-301F-11D3-BF4B-00C04F79EFBC}") = "backend", "backend\backend.csproj", "{A39F8D54-0DB9-4963-92FC-EEF2C4ACB778}"
EndProject
Project("{FAE04EC0-301F-11D3-BF4B-00C04F79EFBC}") = "Plants.db", "Plants.db\Plants.db.csproj", "{1C20971F-4ADE-441C-AFA5-ED5BFD01D46B}"
EndProject
Project("{FAE04EC0-301F-11D3-BF4B-00C04F79EFBC}") = "Plants.Core", "Plants.Core\Plants.Core.csproj", "{C1B6E239-8C65-49B1-8324-0F989EAB698F}"
EndProject
Global
	GlobalSection(SolutionConfigurationPlatforms) = preSolution
		Debug|Any CPU = Debug|Any CPU
		Release|Any CPU = Release|Any CPU
	EndGlobalSection
	GlobalSection(ProjectConfigurationPlatforms) = postSolution
		{A39F8D54-0DB9-4963-92FC-EEF2C4ACB778}.Debug|Any CPU.ActiveCfg = Debug|Any CPU
		{A39F8D54-0DB9-4963-92FC-EEF2C4ACB778}.Debug|Any CPU.Build.0 = Debug|Any CPU
		{A39F8D54-0DB9-4963-92FC-EEF2C4ACB778}.Release|Any CPU.ActiveCfg = Release|Any CPU
		{A39F8D54-0DB9-4963-92FC-EEF2C4ACB778}.Release|Any CPU.Build.0 = Release|Any CPU
		{1C20971F-4ADE-441C-AFA5-ED5BFD01D46B}.Debug|Any CPU.ActiveCfg = Debug|Any CPU
		{1C20971F-4ADE-441C-AFA5-ED5BFD01D46B}.Debug|Any CPU.Build.0 = Debug|Any CPU
		{1C20971F-4ADE-441C-AFA5-ED5BFD01D46B}.Release|Any CPU.ActiveCfg = Release|Any CPU
		{1C20971F-4ADE-441C-AFA5-ED5BFD01D46B}.Release|Any CPU.Build.0 = Release|Any CPU
		{C1B6E239-8C65-49B1-8324-0F989EAB698F}.Debug|Any CPU.ActiveCfg = Debug|Any CPU
		{C1B6E239-8C65-49B1-8324-0F989EAB698F}.Debug|Any CPU.Build.0 = Debug|Any CPU
		{C1B6E239-8C65-49B1-8324-0F989EAB698F}.Release|Any CPU.ActiveCfg = Release|Any CPU
		{C1B6E239-8C65-49B1-8324-0F989EAB698F}.Release|Any CPU.Build.0 = Release|Any CPU
	EndGlobalSection
	GlobalSection(SolutionProperties) = preSolution
		HideSolutionNode = FALSE
	EndGlobalSection
	GlobalSection(ExtensibilityGlobals) = postSolution
		SolutionGuid = {0CE7F38D-E74F-48DA-B389-476110368E1F}
	EndGlobalSection
EndGlobal
